// !$*UTF8*$!
{
	archiveVersion = 1;
	classes = {
	};
	objectVersion = 51;
	objects = {

/* Begin PBXBuildFile section */
		0739B3B0F22A91FCF255AD57 /* Pods_ListsOnLists.framework in Frameworks */ = {isa = PBXBuildFile; fileRef = 35ACBE5436DE285F7DB3ED6D /* Pods_ListsOnLists.framework */; };
		0E01D34256F6A675104E1436 /* Pods_ListsOnListsTests.framework in Frameworks */ = {isa = PBXBuildFile; fileRef = 4C52F7691AD2FCC26C8605B9 /* Pods_ListsOnListsTests.framework */; };
		417CA818B267FC26A05597B8 /* Pods_ListsOnLists_ListsOnListsUITests.framework in Frameworks */ = {isa = PBXBuildFile; fileRef = 01C4B2658340E5584927C7D0 /* Pods_ListsOnLists_ListsOnListsUITests.framework */; };
		5F00FE43255004D100E9D610 /* ListItem.swift in Sources */ = {isa = PBXBuildFile; fileRef = 5F00FE42255004D100E9D610 /* ListItem.swift */; };
		5F00FE48255004E000E9D610 /* Category.swift in Sources */ = {isa = PBXBuildFile; fileRef = 5F00FE47255004E000E9D610 /* Category.swift */; };
		5F1B0ED5254EA0EE00855BD1 /* CategoryViewController.swift in Sources */ = {isa = PBXBuildFile; fileRef = 5F1B0ED4254EA0EE00855BD1 /* CategoryViewController.swift */; };
		5F5BFD4B254BDD86003590FF /* AppDelegate.swift in Sources */ = {isa = PBXBuildFile; fileRef = 5F5BFD4A254BDD86003590FF /* AppDelegate.swift */; };
		5F5BFD4D254BDD86003590FF /* SceneDelegate.swift in Sources */ = {isa = PBXBuildFile; fileRef = 5F5BFD4C254BDD86003590FF /* SceneDelegate.swift */; };
		5F5BFD4F254BDD86003590FF /* ItemViewController.swift in Sources */ = {isa = PBXBuildFile; fileRef = 5F5BFD4E254BDD86003590FF /* ItemViewController.swift */; };
		5F5BFD52254BDD86003590FF /* Main.storyboard in Resources */ = {isa = PBXBuildFile; fileRef = 5F5BFD50254BDD86003590FF /* Main.storyboard */; };
		5F5BFD57254BDD8B003590FF /* LaunchScreen.storyboard in Resources */ = {isa = PBXBuildFile; fileRef = 5F5BFD55254BDD8B003590FF /* LaunchScreen.storyboard */; };
		5F5BFD62254BDD8B003590FF /* ListsOnListsTests.swift in Sources */ = {isa = PBXBuildFile; fileRef = 5F5BFD61254BDD8B003590FF /* ListsOnListsTests.swift */; };
		5F5BFD6D254BDD8B003590FF /* ListsOnListsUITests.swift in Sources */ = {isa = PBXBuildFile; fileRef = 5F5BFD6C254BDD8B003590FF /* ListsOnListsUITests.swift */; };
		5FB6ECFF25505F3A00F22621 /* Assets.xcassets in Resources */ = {isa = PBXBuildFile; fileRef = 5FB6ECFE25505F3A00F22621 /* Assets.xcassets */; };
/* End PBXBuildFile section */

/* Begin PBXContainerItemProxy section */
		5F5BFD5E254BDD8B003590FF /* PBXContainerItemProxy */ = {
			isa = PBXContainerItemProxy;
			containerPortal = 5F5BFD3F254BDD86003590FF /* Project object */;
			proxyType = 1;
			remoteGlobalIDString = 5F5BFD46254BDD86003590FF;
			remoteInfo = ListsOnLists;
		};
		5F5BFD69254BDD8B003590FF /* PBXContainerItemProxy */ = {
			isa = PBXContainerItemProxy;
			containerPortal = 5F5BFD3F254BDD86003590FF /* Project object */;
			proxyType = 1;
			remoteGlobalIDString = 5F5BFD46254BDD86003590FF;
			remoteInfo = ListsOnLists;
		};
/* End PBXContainerItemProxy section */

/* Begin PBXFileReference section */
		01C4B2658340E5584927C7D0 /* Pods_ListsOnLists_ListsOnListsUITests.framework */ = {isa = PBXFileReference; explicitFileType = wrapper.framework; includeInIndex = 0; path = Pods_ListsOnLists_ListsOnListsUITests.framework; sourceTree = BUILT_PRODUCTS_DIR; };
		18B54097FE8993C0F69DE862 /* Pods-ListsOnLists.release.xcconfig */ = {isa = PBXFileReference; includeInIndex = 1; lastKnownFileType = text.xcconfig; name = "Pods-ListsOnLists.release.xcconfig"; path = "Target Support Files/Pods-ListsOnLists/Pods-ListsOnLists.release.xcconfig"; sourceTree = "<group>"; };
		35ACBE5436DE285F7DB3ED6D /* Pods_ListsOnLists.framework */ = {isa = PBXFileReference; explicitFileType = wrapper.framework; includeInIndex = 0; path = Pods_ListsOnLists.framework; sourceTree = BUILT_PRODUCTS_DIR; };
		4C52F7691AD2FCC26C8605B9 /* Pods_ListsOnListsTests.framework */ = {isa = PBXFileReference; explicitFileType = wrapper.framework; includeInIndex = 0; path = Pods_ListsOnListsTests.framework; sourceTree = BUILT_PRODUCTS_DIR; };
		5F00FE42255004D100E9D610 /* ListItem.swift */ = {isa = PBXFileReference; lastKnownFileType = sourcecode.swift; path = ListItem.swift; sourceTree = "<group>"; };
		5F00FE47255004E000E9D610 /* Category.swift */ = {isa = PBXFileReference; lastKnownFileType = sourcecode.swift; path = Category.swift; sourceTree = "<group>"; };
		5F1B0ED4254EA0EE00855BD1 /* CategoryViewController.swift */ = {isa = PBXFileReference; lastKnownFileType = sourcecode.swift; path = CategoryViewController.swift; sourceTree = "<group>"; };
		5F5BFD47254BDD86003590FF /* ListsOnLists.app */ = {isa = PBXFileReference; explicitFileType = wrapper.application; includeInIndex = 0; path = ListsOnLists.app; sourceTree = BUILT_PRODUCTS_DIR; };
		5F5BFD4A254BDD86003590FF /* AppDelegate.swift */ = {isa = PBXFileReference; lastKnownFileType = sourcecode.swift; path = AppDelegate.swift; sourceTree = "<group>"; };
		5F5BFD4C254BDD86003590FF /* SceneDelegate.swift */ = {isa = PBXFileReference; lastKnownFileType = sourcecode.swift; path = SceneDelegate.swift; sourceTree = "<group>"; };
		5F5BFD4E254BDD86003590FF /* ItemViewController.swift */ = {isa = PBXFileReference; lastKnownFileType = sourcecode.swift; path = ItemViewController.swift; sourceTree = "<group>"; };
		5F5BFD51254BDD86003590FF /* Base */ = {isa = PBXFileReference; lastKnownFileType = file.storyboard; name = Base; path = Base.lproj/Main.storyboard; sourceTree = "<group>"; };
		5F5BFD56254BDD8B003590FF /* Base */ = {isa = PBXFileReference; lastKnownFileType = file.storyboard; name = Base; path = Base.lproj/LaunchScreen.storyboard; sourceTree = "<group>"; };
		5F5BFD58254BDD8B003590FF /* Info.plist */ = {isa = PBXFileReference; lastKnownFileType = text.plist.xml; path = Info.plist; sourceTree = "<group>"; };
		5F5BFD5D254BDD8B003590FF /* ListsOnListsTests.xctest */ = {isa = PBXFileReference; explicitFileType = wrapper.cfbundle; includeInIndex = 0; path = ListsOnListsTests.xctest; sourceTree = BUILT_PRODUCTS_DIR; };
		5F5BFD61254BDD8B003590FF /* ListsOnListsTests.swift */ = {isa = PBXFileReference; lastKnownFileType = sourcecode.swift; path = ListsOnListsTests.swift; sourceTree = "<group>"; };
		5F5BFD63254BDD8B003590FF /* Info.plist */ = {isa = PBXFileReference; lastKnownFileType = text.plist.xml; path = Info.plist; sourceTree = "<group>"; };
		5F5BFD68254BDD8B003590FF /* ListsOnListsUITests.xctest */ = {isa = PBXFileReference; explicitFileType = wrapper.cfbundle; includeInIndex = 0; path = ListsOnListsUITests.xctest; sourceTree = BUILT_PRODUCTS_DIR; };
		5F5BFD6C254BDD8B003590FF /* ListsOnListsUITests.swift */ = {isa = PBXFileReference; lastKnownFileType = sourcecode.swift; path = ListsOnListsUITests.swift; sourceTree = "<group>"; };
		5F5BFD6E254BDD8B003590FF /* Info.plist */ = {isa = PBXFileReference; lastKnownFileType = text.plist.xml; path = Info.plist; sourceTree = "<group>"; };
		5FB6ECFE25505F3A00F22621 /* Assets.xcassets */ = {isa = PBXFileReference; lastKnownFileType = folder.assetcatalog; path = Assets.xcassets; sourceTree = "<group>"; };
		67443894A7587D5F517E1026 /* Pods-ListsOnListsTests.release.xcconfig */ = {isa = PBXFileReference; includeInIndex = 1; lastKnownFileType = text.xcconfig; name = "Pods-ListsOnListsTests.release.xcconfig"; path = "Target Support Files/Pods-ListsOnListsTests/Pods-ListsOnListsTests.release.xcconfig"; sourceTree = "<group>"; };
		8D56D80C9BB0A2F8A870543F /* Pods-ListsOnLists.debug.xcconfig */ = {isa = PBXFileReference; includeInIndex = 1; lastKnownFileType = text.xcconfig; name = "Pods-ListsOnLists.debug.xcconfig"; path = "Target Support Files/Pods-ListsOnLists/Pods-ListsOnLists.debug.xcconfig"; sourceTree = "<group>"; };
		B49DE9FB1B9D54B1CCD20465 /* Pods-ListsOnLists-ListsOnListsUITests.debug.xcconfig */ = {isa = PBXFileReference; includeInIndex = 1; lastKnownFileType = text.xcconfig; name = "Pods-ListsOnLists-ListsOnListsUITests.debug.xcconfig"; path = "Target Support Files/Pods-ListsOnLists-ListsOnListsUITests/Pods-ListsOnLists-ListsOnListsUITests.debug.xcconfig"; sourceTree = "<group>"; };
		BE83F08477D765D9EB867791 /* Pods-ListsOnLists-ListsOnListsUITests.release.xcconfig */ = {isa = PBXFileReference; includeInIndex = 1; lastKnownFileType = text.xcconfig; name = "Pods-ListsOnLists-ListsOnListsUITests.release.xcconfig"; path = "Target Support Files/Pods-ListsOnLists-ListsOnListsUITests/Pods-ListsOnLists-ListsOnListsUITests.release.xcconfig"; sourceTree = "<group>"; };
		FEFBDC377E680A51E7B800F1 /* Pods-ListsOnListsTests.debug.xcconfig */ = {isa = PBXFileReference; includeInIndex = 1; lastKnownFileType = text.xcconfig; name = "Pods-ListsOnListsTests.debug.xcconfig"; path = "Target Support Files/Pods-ListsOnListsTests/Pods-ListsOnListsTests.debug.xcconfig"; sourceTree = "<group>"; };
/* End PBXFileReference section */

/* Begin PBXFrameworksBuildPhase section */
		5F5BFD44254BDD86003590FF /* Frameworks */ = {
			isa = PBXFrameworksBuildPhase;
			buildActionMask = 2147483647;
			files = (
				0739B3B0F22A91FCF255AD57 /* Pods_ListsOnLists.framework in Frameworks */,
			);
			runOnlyForDeploymentPostprocessing = 0;
		};
		5F5BFD5A254BDD8B003590FF /* Frameworks */ = {
			isa = PBXFrameworksBuildPhase;
			buildActionMask = 2147483647;
			files = (
				0E01D34256F6A675104E1436 /* Pods_ListsOnListsTests.framework in Frameworks */,
			);
			runOnlyForDeploymentPostprocessing = 0;
		};
		5F5BFD65254BDD8B003590FF /* Frameworks */ = {
			isa = PBXFrameworksBuildPhase;
			buildActionMask = 2147483647;
			files = (
				417CA818B267FC26A05597B8 /* Pods_ListsOnLists_ListsOnListsUITests.framework in Frameworks */,
			);
			runOnlyForDeploymentPostprocessing = 0;
		};
/* End PBXFrameworksBuildPhase section */

/* Begin PBXGroup section */
		5F5BFD3E254BDD86003590FF = {
			isa = PBXGroup;
			children = (
				5F5BFD49254BDD86003590FF /* ListsOnLists */,
				5F5BFD60254BDD8B003590FF /* ListsOnListsTests */,
				5F5BFD6B254BDD8B003590FF /* ListsOnListsUITests */,
				5F5BFD48254BDD86003590FF /* Products */,
				B1CBE3E81D5D5A81B7F3188C /* Pods */,
				F18513CF90DB76E77C87771D /* Frameworks */,
			);
			sourceTree = "<group>";
		};
		5F5BFD48254BDD86003590FF /* Products */ = {
			isa = PBXGroup;
			children = (
				5F5BFD47254BDD86003590FF /* ListsOnLists.app */,
				5F5BFD5D254BDD8B003590FF /* ListsOnListsTests.xctest */,
				5F5BFD68254BDD8B003590FF /* ListsOnListsUITests.xctest */,
			);
			name = Products;
			sourceTree = "<group>";
		};
		5F5BFD49254BDD86003590FF /* ListsOnLists */ = {
			isa = PBXGroup;
			children = (
				5FB6ECFE25505F3A00F22621 /* Assets.xcassets */,
				5F5BFD58254BDD8B003590FF /* Info.plist */,
				5FDA500C254BE9A2006B373F /* MODELS */,
				5F5BFD82254BDFDE003590FF /* VIEWS */,
				5F5BFD7E254BDFD2003590FF /* CONTROLLERS */,
				5F5BFD83254BDFF1003590FF /* SUPPORT */,
			);
			path = ListsOnLists;
			sourceTree = "<group>";
		};
		5F5BFD60254BDD8B003590FF /* ListsOnListsTests */ = {
			isa = PBXGroup;
			children = (
				5F5BFD61254BDD8B003590FF /* ListsOnListsTests.swift */,
				5F5BFD63254BDD8B003590FF /* Info.plist */,
			);
			path = ListsOnListsTests;
			sourceTree = "<group>";
		};
		5F5BFD6B254BDD8B003590FF /* ListsOnListsUITests */ = {
			isa = PBXGroup;
			children = (
				5F5BFD6C254BDD8B003590FF /* ListsOnListsUITests.swift */,
				5F5BFD6E254BDD8B003590FF /* Info.plist */,
			);
			path = ListsOnListsUITests;
			sourceTree = "<group>";
		};
		5F5BFD7E254BDFD2003590FF /* CONTROLLERS */ = {
			isa = PBXGroup;
			children = (
				5F5BFD4E254BDD86003590FF /* ItemViewController.swift */,
				5F1B0ED4254EA0EE00855BD1 /* CategoryViewController.swift */,
			);
			path = CONTROLLERS;
			sourceTree = "<group>";
		};
		5F5BFD82254BDFDE003590FF /* VIEWS */ = {
			isa = PBXGroup;
			children = (
				5F5BFD50254BDD86003590FF /* Main.storyboard */,
			);
			path = VIEWS;
			sourceTree = "<group>";
		};
		5F5BFD83254BDFF1003590FF /* SUPPORT */ = {
			isa = PBXGroup;
			children = (
				5F5BFD55254BDD8B003590FF /* LaunchScreen.storyboard */,
				5F5BFD4A254BDD86003590FF /* AppDelegate.swift */,
				5F5BFD4C254BDD86003590FF /* SceneDelegate.swift */,
			);
			path = SUPPORT;
			sourceTree = "<group>";
		};
		5FDA500C254BE9A2006B373F /* MODELS */ = {
			isa = PBXGroup;
			children = (
				5F00FE42255004D100E9D610 /* ListItem.swift */,
				5F00FE47255004E000E9D610 /* Category.swift */,
			);
			path = MODELS;
			sourceTree = "<group>";
		};
		B1CBE3E81D5D5A81B7F3188C /* Pods */ = {
			isa = PBXGroup;
			children = (
				8D56D80C9BB0A2F8A870543F /* Pods-ListsOnLists.debug.xcconfig */,
				18B54097FE8993C0F69DE862 /* Pods-ListsOnLists.release.xcconfig */,
				B49DE9FB1B9D54B1CCD20465 /* Pods-ListsOnLists-ListsOnListsUITests.debug.xcconfig */,
				BE83F08477D765D9EB867791 /* Pods-ListsOnLists-ListsOnListsUITests.release.xcconfig */,
				FEFBDC377E680A51E7B800F1 /* Pods-ListsOnListsTests.debug.xcconfig */,
				67443894A7587D5F517E1026 /* Pods-ListsOnListsTests.release.xcconfig */,
			);
			path = Pods;
			sourceTree = "<group>";
		};
		F18513CF90DB76E77C87771D /* Frameworks */ = {
			isa = PBXGroup;
			children = (
				35ACBE5436DE285F7DB3ED6D /* Pods_ListsOnLists.framework */,
				01C4B2658340E5584927C7D0 /* Pods_ListsOnLists_ListsOnListsUITests.framework */,
				4C52F7691AD2FCC26C8605B9 /* Pods_ListsOnListsTests.framework */,
			);
			name = Frameworks;
			sourceTree = "<group>";
		};
/* End PBXGroup section */

/* Begin PBXNativeTarget section */
		5F5BFD46254BDD86003590FF /* ListsOnLists */ = {
			isa = PBXNativeTarget;
			buildConfigurationList = 5F5BFD71254BDD8B003590FF /* Build configuration list for PBXNativeTarget "ListsOnLists" */;
			buildPhases = (
				D6734C9F005A9B543F7C3508 /* [CP] Check Pods Manifest.lock */,
				5F5BFD43254BDD86003590FF /* Sources */,
				5F5BFD44254BDD86003590FF /* Frameworks */,
				5F5BFD45254BDD86003590FF /* Resources */,
				0C332E9FE1542CF04902FDE5 /* [CP] Embed Pods Frameworks */,
			);
			buildRules = (
			);
			dependencies = (
			);
			name = ListsOnLists;
			productName = ListsOnLists;
			productReference = 5F5BFD47254BDD86003590FF /* ListsOnLists.app */;
			productType = "com.apple.product-type.application";
		};
		5F5BFD5C254BDD8B003590FF /* ListsOnListsTests */ = {
			isa = PBXNativeTarget;
			buildConfigurationList = 5F5BFD74254BDD8B003590FF /* Build configuration list for PBXNativeTarget "ListsOnListsTests" */;
			buildPhases = (
				9F7CAAC887F91CD9FC19672A /* [CP] Check Pods Manifest.lock */,
				5F5BFD59254BDD8B003590FF /* Sources */,
				5F5BFD5A254BDD8B003590FF /* Frameworks */,
				5F5BFD5B254BDD8B003590FF /* Resources */,
			);
			buildRules = (
			);
			dependencies = (
				5F5BFD5F254BDD8B003590FF /* PBXTargetDependency */,
			);
			name = ListsOnListsTests;
			productName = ListsOnListsTests;
			productReference = 5F5BFD5D254BDD8B003590FF /* ListsOnListsTests.xctest */;
			productType = "com.apple.product-type.bundle.unit-test";
		};
		5F5BFD67254BDD8B003590FF /* ListsOnListsUITests */ = {
			isa = PBXNativeTarget;
			buildConfigurationList = 5F5BFD77254BDD8B003590FF /* Build configuration list for PBXNativeTarget "ListsOnListsUITests" */;
			buildPhases = (
				24B0F979EF6EA7C5E19EA1F3 /* [CP] Check Pods Manifest.lock */,
				5F5BFD64254BDD8B003590FF /* Sources */,
				5F5BFD65254BDD8B003590FF /* Frameworks */,
				5F5BFD66254BDD8B003590FF /* Resources */,
				851CDFD25238EFBB06B4EDC5 /* [CP] Embed Pods Frameworks */,
			);
			buildRules = (
			);
			dependencies = (
				5F5BFD6A254BDD8B003590FF /* PBXTargetDependency */,
			);
			name = ListsOnListsUITests;
			productName = ListsOnListsUITests;
			productReference = 5F5BFD68254BDD8B003590FF /* ListsOnListsUITests.xctest */;
			productType = "com.apple.product-type.bundle.ui-testing";
		};
/* End PBXNativeTarget section */

/* Begin PBXProject section */
		5F5BFD3F254BDD86003590FF /* Project object */ = {
			isa = PBXProject;
			attributes = {
				LastSwiftUpdateCheck = 1210;
				LastUpgradeCheck = 1210;
				TargetAttributes = {
					5F5BFD46254BDD86003590FF = {
						CreatedOnToolsVersion = 12.1;
					};
					5F5BFD5C254BDD8B003590FF = {
						CreatedOnToolsVersion = 12.1;
						TestTargetID = 5F5BFD46254BDD86003590FF;
					};
					5F5BFD67254BDD8B003590FF = {
						CreatedOnToolsVersion = 12.1;
						TestTargetID = 5F5BFD46254BDD86003590FF;
					};
				};
			};
			buildConfigurationList = 5F5BFD42254BDD86003590FF /* Build configuration list for PBXProject "ListsOnLists" */;
			compatibilityVersion = "Xcode 9.3";
			developmentRegion = en;
			hasScannedForEncodings = 0;
			knownRegions = (
				en,
				Base,
			);
			mainGroup = 5F5BFD3E254BDD86003590FF;
			productRefGroup = 5F5BFD48254BDD86003590FF /* Products */;
			projectDirPath = "";
			projectRoot = "";
			targets = (
				5F5BFD46254BDD86003590FF /* ListsOnLists */,
				5F5BFD5C254BDD8B003590FF /* ListsOnListsTests */,
				5F5BFD67254BDD8B003590FF /* ListsOnListsUITests */,
			);
		};
/* End PBXProject section */

/* Begin PBXResourcesBuildPhase section */
		5F5BFD45254BDD86003590FF /* Resources */ = {
			isa = PBXResourcesBuildPhase;
			buildActionMask = 2147483647;
			files = (
				5F5BFD57254BDD8B003590FF /* LaunchScreen.storyboard in Resources */,
				5FB6ECFF25505F3A00F22621 /* Assets.xcassets in Resources */,
				5F5BFD52254BDD86003590FF /* Main.storyboard in Resources */,
			);
			runOnlyForDeploymentPostprocessing = 0;
		};
		5F5BFD5B254BDD8B003590FF /* Resources */ = {
			isa = PBXResourcesBuildPhase;
			buildActionMask = 2147483647;
			files = (
			);
			runOnlyForDeploymentPostprocessing = 0;
		};
		5F5BFD66254BDD8B003590FF /* Resources */ = {
			isa = PBXResourcesBuildPhase;
			buildActionMask = 2147483647;
			files = (
			);
			runOnlyForDeploymentPostprocessing = 0;
		};
/* End PBXResourcesBuildPhase section */

/* Begin PBXShellScriptBuildPhase section */
		0C332E9FE1542CF04902FDE5 /* [CP] Embed Pods Frameworks */ = {
			isa = PBXShellScriptBuildPhase;
			buildActionMask = 2147483647;
			files = (
			);
			inputFileListPaths = (
				"${PODS_ROOT}/Target Support Files/Pods-ListsOnLists/Pods-ListsOnLists-frameworks-${CONFIGURATION}-input-files.xcfilelist",
			);
			name = "[CP] Embed Pods Frameworks";
			outputFileListPaths = (
				"${PODS_ROOT}/Target Support Files/Pods-ListsOnLists/Pods-ListsOnLists-frameworks-${CONFIGURATION}-output-files.xcfilelist",
			);
			runOnlyForDeploymentPostprocessing = 0;
			shellPath = /bin/sh;
			shellScript = "\"${PODS_ROOT}/Target Support Files/Pods-ListsOnLists/Pods-ListsOnLists-frameworks.sh\"\n";
			showEnvVarsInLog = 0;
		};
		24B0F979EF6EA7C5E19EA1F3 /* [CP] Check Pods Manifest.lock */ = {
			isa = PBXShellScriptBuildPhase;
			buildActionMask = 2147483647;
			files = (
			);
			inputFileListPaths = (
			);
			inputPaths = (
				"${PODS_PODFILE_DIR_PATH}/Podfile.lock",
				"${PODS_ROOT}/Manifest.lock",
			);
			name = "[CP] Check Pods Manifest.lock";
			outputFileListPaths = (
			);
			outputPaths = (
				"$(DERIVED_FILE_DIR)/Pods-ListsOnLists-ListsOnListsUITests-checkManifestLockResult.txt",
			);
			runOnlyForDeploymentPostprocessing = 0;
			shellPath = /bin/sh;
			shellScript = "diff \"${PODS_PODFILE_DIR_PATH}/Podfile.lock\" \"${PODS_ROOT}/Manifest.lock\" > /dev/null\nif [ $? != 0 ] ; then\n    # print error to STDERR\n    echo \"error: The sandbox is not in sync with the Podfile.lock. Run 'pod install' or update your CocoaPods installation.\" >&2\n    exit 1\nfi\n# This output is used by Xcode 'outputs' to avoid re-running this script phase.\necho \"SUCCESS\" > \"${SCRIPT_OUTPUT_FILE_0}\"\n";
			showEnvVarsInLog = 0;
		};
		851CDFD25238EFBB06B4EDC5 /* [CP] Embed Pods Frameworks */ = {
			isa = PBXShellScriptBuildPhase;
			buildActionMask = 2147483647;
			files = (
			);
			inputFileListPaths = (
				"${PODS_ROOT}/Target Support Files/Pods-ListsOnLists-ListsOnListsUITests/Pods-ListsOnLists-ListsOnListsUITests-frameworks-${CONFIGURATION}-input-files.xcfilelist",
			);
			name = "[CP] Embed Pods Frameworks";
			outputFileListPaths = (
				"${PODS_ROOT}/Target Support Files/Pods-ListsOnLists-ListsOnListsUITests/Pods-ListsOnLists-ListsOnListsUITests-frameworks-${CONFIGURATION}-output-files.xcfilelist",
			);
			runOnlyForDeploymentPostprocessing = 0;
			shellPath = /bin/sh;
			shellScript = "\"${PODS_ROOT}/Target Support Files/Pods-ListsOnLists-ListsOnListsUITests/Pods-ListsOnLists-ListsOnListsUITests-frameworks.sh\"\n";
			showEnvVarsInLog = 0;
		};
		9F7CAAC887F91CD9FC19672A /* [CP] Check Pods Manifest.lock */ = {
			isa = PBXShellScriptBuildPhase;
			buildActionMask = 2147483647;
			files = (
			);
			inputFileListPaths = (
			);
			inputPaths = (
				"${PODS_PODFILE_DIR_PATH}/Podfile.lock",
				"${PODS_ROOT}/Manifest.lock",
			);
			name = "[CP] Check Pods Manifest.lock";
			outputFileListPaths = (
			);
			outputPaths = (
				"$(DERIVED_FILE_DIR)/Pods-ListsOnListsTests-checkManifestLockResult.txt",
			);
			runOnlyForDeploymentPostprocessing = 0;
			shellPath = /bin/sh;
			shellScript = "diff \"${PODS_PODFILE_DIR_PATH}/Podfile.lock\" \"${PODS_ROOT}/Manifest.lock\" > /dev/null\nif [ $? != 0 ] ; then\n    # print error to STDERR\n    echo \"error: The sandbox is not in sync with the Podfile.lock. Run 'pod install' or update your CocoaPods installation.\" >&2\n    exit 1\nfi\n# This output is used by Xcode 'outputs' to avoid re-running this script phase.\necho \"SUCCESS\" > \"${SCRIPT_OUTPUT_FILE_0}\"\n";
			showEnvVarsInLog = 0;
		};
		D6734C9F005A9B543F7C3508 /* [CP] Check Pods Manifest.lock */ = {
			isa = PBXShellScriptBuildPhase;
			buildActionMask = 2147483647;
			files = (
			);
			inputFileListPaths = (
			);
			inputPaths = (
				"${PODS_PODFILE_DIR_PATH}/Podfile.lock",
				"${PODS_ROOT}/Manifest.lock",
			);
			name = "[CP] Check Pods Manifest.lock";
			outputFileListPaths = (
			);
			outputPaths = (
				"$(DERIVED_FILE_DIR)/Pods-ListsOnLists-checkManifestLockResult.txt",
			);
			runOnlyForDeploymentPostprocessing = 0;
			shellPath = /bin/sh;
			shellScript = "diff \"${PODS_PODFILE_DIR_PATH}/Podfile.lock\" \"${PODS_ROOT}/Manifest.lock\" > /dev/null\nif [ $? != 0 ] ; then\n    # print error to STDERR\n    echo \"error: The sandbox is not in sync with the Podfile.lock. Run 'pod install' or update your CocoaPods installation.\" >&2\n    exit 1\nfi\n# This output is used by Xcode 'outputs' to avoid re-running this script phase.\necho \"SUCCESS\" > \"${SCRIPT_OUTPUT_FILE_0}\"\n";
			showEnvVarsInLog = 0;
		};
/* End PBXShellScriptBuildPhase section */

/* Begin PBXSourcesBuildPhase section */
		5F5BFD43254BDD86003590FF /* Sources */ = {
			isa = PBXSourcesBuildPhase;
			buildActionMask = 2147483647;
			files = (
				5F00FE43255004D100E9D610 /* ListItem.swift in Sources */,
				5F5BFD4F254BDD86003590FF /* ItemViewController.swift in Sources */,
				5F5BFD4B254BDD86003590FF /* AppDelegate.swift in Sources */,
				5F1B0ED5254EA0EE00855BD1 /* CategoryViewController.swift in Sources */,
				5F5BFD4D254BDD86003590FF /* SceneDelegate.swift in Sources */,
				5F00FE48255004E000E9D610 /* Category.swift in Sources */,
			);
			runOnlyForDeploymentPostprocessing = 0;
		};
		5F5BFD59254BDD8B003590FF /* Sources */ = {
			isa = PBXSourcesBuildPhase;
			buildActionMask = 2147483647;
			files = (
				5F5BFD62254BDD8B003590FF /* ListsOnListsTests.swift in Sources */,
			);
			runOnlyForDeploymentPostprocessing = 0;
		};
		5F5BFD64254BDD8B003590FF /* Sources */ = {
			isa = PBXSourcesBuildPhase;
			buildActionMask = 2147483647;
			files = (
				5F5BFD6D254BDD8B003590FF /* ListsOnListsUITests.swift in Sources */,
			);
			runOnlyForDeploymentPostprocessing = 0;
		};
/* End PBXSourcesBuildPhase section */

/* Begin PBXTargetDependency section */
		5F5BFD5F254BDD8B003590FF /* PBXTargetDependency */ = {
			isa = PBXTargetDependency;
			target = 5F5BFD46254BDD86003590FF /* ListsOnLists */;
			targetProxy = 5F5BFD5E254BDD8B003590FF /* PBXContainerItemProxy */;
		};
		5F5BFD6A254BDD8B003590FF /* PBXTargetDependency */ = {
			isa = PBXTargetDependency;
			target = 5F5BFD46254BDD86003590FF /* ListsOnLists */;
			targetProxy = 5F5BFD69254BDD8B003590FF /* PBXContainerItemProxy */;
		};
/* End PBXTargetDependency section */

/* Begin PBXVariantGroup section */
		5F5BFD50254BDD86003590FF /* Main.storyboard */ = {
			isa = PBXVariantGroup;
			children = (
				5F5BFD51254BDD86003590FF /* Base */,
			);
			name = Main.storyboard;
			sourceTree = "<group>";
		};
		5F5BFD55254BDD8B003590FF /* LaunchScreen.storyboard */ = {
			isa = PBXVariantGroup;
			children = (
				5F5BFD56254BDD8B003590FF /* Base */,
			);
			name = LaunchScreen.storyboard;
			sourceTree = "<group>";
		};
/* End PBXVariantGroup section */

/* Begin XCBuildConfiguration section */
		5F5BFD6F254BDD8B003590FF /* Debug */ = {
			isa = XCBuildConfiguration;
			buildSettings = {
				ALWAYS_SEARCH_USER_PATHS = NO;
				CLANG_ANALYZER_NONNULL = YES;
				CLANG_ANALYZER_NUMBER_OBJECT_CONVERSION = YES_AGGRESSIVE;
				CLANG_CXX_LANGUAGE_STANDARD = "gnu++14";
				CLANG_CXX_LIBRARY = "libc++";
				CLANG_ENABLE_MODULES = YES;
				CLANG_ENABLE_OBJC_ARC = YES;
				CLANG_ENABLE_OBJC_WEAK = YES;
				CLANG_WARN_BLOCK_CAPTURE_AUTORELEASING = YES;
				CLANG_WARN_BOOL_CONVERSION = YES;
				CLANG_WARN_COMMA = YES;
				CLANG_WARN_CONSTANT_CONVERSION = YES;
				CLANG_WARN_DEPRECATED_OBJC_IMPLEMENTATIONS = YES;
				CLANG_WARN_DIRECT_OBJC_ISA_USAGE = YES_ERROR;
				CLANG_WARN_DOCUMENTATION_COMMENTS = YES;
				CLANG_WARN_EMPTY_BODY = YES;
				CLANG_WARN_ENUM_CONVERSION = YES;
				CLANG_WARN_INFINITE_RECURSION = YES;
				CLANG_WARN_INT_CONVERSION = YES;
				CLANG_WARN_NON_LITERAL_NULL_CONVERSION = YES;
				CLANG_WARN_OBJC_IMPLICIT_RETAIN_SELF = YES;
				CLANG_WARN_OBJC_LITERAL_CONVERSION = YES;
				CLANG_WARN_OBJC_ROOT_CLASS = YES_ERROR;
				CLANG_WARN_QUOTED_INCLUDE_IN_FRAMEWORK_HEADER = YES;
				CLANG_WARN_RANGE_LOOP_ANALYSIS = YES;
				CLANG_WARN_STRICT_PROTOTYPES = YES;
				CLANG_WARN_SUSPICIOUS_MOVE = YES;
				CLANG_WARN_UNGUARDED_AVAILABILITY = YES_AGGRESSIVE;
				CLANG_WARN_UNREACHABLE_CODE = YES;
				CLANG_WARN__DUPLICATE_METHOD_MATCH = YES;
				COPY_PHASE_STRIP = NO;
				DEBUG_INFORMATION_FORMAT = dwarf;
				ENABLE_STRICT_OBJC_MSGSEND = YES;
				ENABLE_TESTABILITY = YES;
				GCC_C_LANGUAGE_STANDARD = gnu11;
				GCC_DYNAMIC_NO_PIC = NO;
				GCC_NO_COMMON_BLOCKS = YES;
				GCC_OPTIMIZATION_LEVEL = 0;
				GCC_PREPROCESSOR_DEFINITIONS = (
					"DEBUG=1",
					"$(inherited)",
				);
				GCC_WARN_64_TO_32_BIT_CONVERSION = YES;
				GCC_WARN_ABOUT_RETURN_TYPE = YES_ERROR;
				GCC_WARN_UNDECLARED_SELECTOR = YES;
				GCC_WARN_UNINITIALIZED_AUTOS = YES_AGGRESSIVE;
				GCC_WARN_UNUSED_FUNCTION = YES;
				GCC_WARN_UNUSED_VARIABLE = YES;
				IPHONEOS_DEPLOYMENT_TARGET = 14.1;
				MTL_ENABLE_DEBUG_INFO = INCLUDE_SOURCE;
				MTL_FAST_MATH = YES;
				ONLY_ACTIVE_ARCH = YES;
				SDKROOT = iphoneos;
				SWIFT_ACTIVE_COMPILATION_CONDITIONS = DEBUG;
				SWIFT_OPTIMIZATION_LEVEL = "-Onone";
			};
			name = Debug;
		};
		5F5BFD70254BDD8B003590FF /* Release */ = {
			isa = XCBuildConfiguration;
			buildSettings = {
				ALWAYS_SEARCH_USER_PATHS = NO;
				CLANG_ANALYZER_NONNULL = YES;
				CLANG_ANALYZER_NUMBER_OBJECT_CONVERSION = YES_AGGRESSIVE;
				CLANG_CXX_LANGUAGE_STANDARD = "gnu++14";
				CLANG_CXX_LIBRARY = "libc++";
				CLANG_ENABLE_MODULES = YES;
				CLANG_ENABLE_OBJC_ARC = YES;
				CLANG_ENABLE_OBJC_WEAK = YES;
				CLANG_WARN_BLOCK_CAPTURE_AUTORELEASING = YES;
				CLANG_WARN_BOOL_CONVERSION = YES;
				CLANG_WARN_COMMA = YES;
				CLANG_WARN_CONSTANT_CONVERSION = YES;
				CLANG_WARN_DEPRECATED_OBJC_IMPLEMENTATIONS = YES;
				CLANG_WARN_DIRECT_OBJC_ISA_USAGE = YES_ERROR;
				CLANG_WARN_DOCUMENTATION_COMMENTS = YES;
				CLANG_WARN_EMPTY_BODY = YES;
				CLANG_WARN_ENUM_CONVERSION = YES;
				CLANG_WARN_INFINITE_RECURSION = YES;
				CLANG_WARN_INT_CONVERSION = YES;
				CLANG_WARN_NON_LITERAL_NULL_CONVERSION = YES;
				CLANG_WARN_OBJC_IMPLICIT_RETAIN_SELF = YES;
				CLANG_WARN_OBJC_LITERAL_CONVERSION = YES;
				CLANG_WARN_OBJC_ROOT_CLASS = YES_ERROR;
				CLANG_WARN_QUOTED_INCLUDE_IN_FRAMEWORK_HEADER = YES;
				CLANG_WARN_RANGE_LOOP_ANALYSIS = YES;
				CLANG_WARN_STRICT_PROTOTYPES = YES;
				CLANG_WARN_SUSPICIOUS_MOVE = YES;
				CLANG_WARN_UNGUARDED_AVAILABILITY = YES_AGGRESSIVE;
				CLANG_WARN_UNREACHABLE_CODE = YES;
				CLANG_WARN__DUPLICATE_METHOD_MATCH = YES;
				COPY_PHASE_STRIP = NO;
				DEBUG_INFORMATION_FORMAT = "dwarf-with-dsym";
				ENABLE_NS_ASSERTIONS = NO;
				ENABLE_STRICT_OBJC_MSGSEND = YES;
				GCC_C_LANGUAGE_STANDARD = gnu11;
				GCC_NO_COMMON_BLOCKS = YES;
				GCC_WARN_64_TO_32_BIT_CONVERSION = YES;
				GCC_WARN_ABOUT_RETURN_TYPE = YES_ERROR;
				GCC_WARN_UNDECLARED_SELECTOR = YES;
				GCC_WARN_UNINITIALIZED_AUTOS = YES_AGGRESSIVE;
				GCC_WARN_UNUSED_FUNCTION = YES;
				GCC_WARN_UNUSED_VARIABLE = YES;
				IPHONEOS_DEPLOYMENT_TARGET = 14.1;
				MTL_ENABLE_DEBUG_INFO = NO;
				MTL_FAST_MATH = YES;
				SDKROOT = iphoneos;
				SWIFT_COMPILATION_MODE = wholemodule;
				SWIFT_OPTIMIZATION_LEVEL = "-O";
				VALIDATE_PRODUCT = YES;
			};
			name = Release;
		};
		5F5BFD72254BDD8B003590FF /* Debug */ = {
			isa = XCBuildConfiguration;
			baseConfigurationReference = 8D56D80C9BB0A2F8A870543F /* Pods-ListsOnLists.debug.xcconfig */;
			buildSettings = {
				ASSETCATALOG_COMPILER_APPICON_NAME = AppIcon;
				ASSETCATALOG_COMPILER_GLOBAL_ACCENT_COLOR_NAME = AccentColor;
				CODE_SIGN_STYLE = Automatic;
				DEVELOPMENT_TEAM = T7D2CW4K8R;
				INFOPLIST_FILE = ListsOnLists/Info.plist;
				LD_RUNPATH_SEARCH_PATHS = (
					"$(inherited)",
					"@executable_path/Frameworks",
				);
				PRODUCT_BUNDLE_IDENTIFIER = com.eMscully.ListsOnLists;
				PRODUCT_NAME = "$(TARGET_NAME)";
				SWIFT_VERSION = 5.0;
				TARGETED_DEVICE_FAMILY = "1,2";
			};
			name = Debug;
		};
		5F5BFD73254BDD8B003590FF /* Release */ = {
			isa = XCBuildConfiguration;
			baseConfigurationReference = 18B54097FE8993C0F69DE862 /* Pods-ListsOnLists.release.xcconfig */;
			buildSettings = {
				ASSETCATALOG_COMPILER_APPICON_NAME = AppIcon;
				ASSETCATALOG_COMPILER_GLOBAL_ACCENT_COLOR_NAME = AccentColor;
				CODE_SIGN_STYLE = Automatic;
				DEVELOPMENT_TEAM = T7D2CW4K8R;
				INFOPLIST_FILE = ListsOnLists/Info.plist;
				LD_RUNPATH_SEARCH_PATHS = (
					"$(inherited)",
					"@executable_path/Frameworks",
				);
				PRODUCT_BUNDLE_IDENTIFIER = com.eMscully.ListsOnLists;
				PRODUCT_NAME = "$(TARGET_NAME)";
				SWIFT_VERSION = 5.0;
				TARGETED_DEVICE_FAMILY = "1,2";
			};
			name = Release;
		};
		5F5BFD75254BDD8B003590FF /* Debug */ = {
			isa = XCBuildConfiguration;
			baseConfigurationReference = FEFBDC377E680A51E7B800F1 /* Pods-ListsOnListsTests.debug.xcconfig */;
			buildSettings = {
				ALWAYS_EMBED_SWIFT_STANDARD_LIBRARIES = YES;
				BUNDLE_LOADER = "$(TEST_HOST)";
				CODE_SIGN_STYLE = Automatic;
				DEVELOPMENT_TEAM = T7D2CW4K8R;
				INFOPLIST_FILE = ListsOnListsTests/Info.plist;
				IPHONEOS_DEPLOYMENT_TARGET = 14.1;
				LD_RUNPATH_SEARCH_PATHS = (
					"$(inherited)",
					"@executable_path/Frameworks",
					"@loader_path/Frameworks",
				);
				PRODUCT_BUNDLE_IDENTIFIER = com.eMscully.ListsOnListsTests;
				PRODUCT_NAME = "$(TARGET_NAME)";
				SWIFT_VERSION = 5.0;
				TARGETED_DEVICE_FAMILY = "1,2";
				TEST_HOST = "$(BUILT_PRODUCTS_DIR)/ListsOnLists.app/ListsOnLists";
			};
			name = Debug;
		};
		5F5BFD76254BDD8B003590FF /* Release */ = {
			isa = XCBuildConfiguration;
			baseConfigurationReference = 67443894A7587D5F517E1026 /* Pods-ListsOnListsTests.release.xcconfig */;
			buildSettings = {
				ALWAYS_EMBED_SWIFT_STANDARD_LIBRARIES = YES;
				BUNDLE_LOADER = "$(TEST_HOST)";
				CODE_SIGN_STYLE = Automatic;
				DEVELOPMENT_TEAM = T7D2CW4K8R;
				INFOPLIST_FILE = ListsOnListsTests/Info.plist;
				IPHONEOS_DEPLOYMENT_TARGET = 14.1;
				LD_RUNPATH_SEARCH_PATHS = (
					"$(inherited)",
					"@executable_path/Frameworks",
					"@loader_path/Frameworks",
				);
				PRODUCT_BUNDLE_IDENTIFIER = com.eMscully.ListsOnListsTests;
				PRODUCT_NAME = "$(TARGET_NAME)";
				SWIFT_VERSION = 5.0;
				TARGETED_DEVICE_FAMILY = "1,2";
				TEST_HOST = "$(BUILT_PRODUCTS_DIR)/ListsOnLists.app/ListsOnLists";
			};
			name = Release;
		};
		5F5BFD78254BDD8B003590FF /* Debug */ = {
			isa = XCBuildConfiguration;
			baseConfigurationReference = B49DE9FB1B9D54B1CCD20465 /* Pods-ListsOnLists-ListsOnListsUITests.debug.xcconfig */;
			buildSettings = {
				ALWAYS_EMBED_SWIFT_STANDARD_LIBRARIES = YES;
				CODE_SIGN_STYLE = Automatic;
				DEVELOPMENT_TEAM = T7D2CW4K8R;
				INFOPLIST_FILE = ListsOnListsUITests/Info.plist;
				LD_RUNPATH_SEARCH_PATHS = (
					"$(inherited)",
					"@executable_path/Frameworks",
					"@loader_path/Frameworks",
				);
				PRODUCT_BUNDLE_IDENTIFIER = com.eMscully.ListsOnListsUITests;
				PRODUCT_NAME = "$(TARGET_NAME)";
				SWIFT_VERSION = 5.0;
				TARGETED_DEVICE_FAMILY = "1,2";
				TEST_TARGET_NAME = ListsOnLists;
			};
			name = Debug;
		};
		5F5BFD79254BDD8B003590FF /* Release */ = {
			isa = XCBuildConfiguration;
			baseConfigurationReference = BE83F08477D765D9EB867791 /* Pods-ListsOnLists-ListsOnListsUITests.release.xcconfig */;
			buildSettings = {
				ALWAYS_EMBED_SWIFT_STANDARD_LIBRARIES = YES;
				CODE_SIGN_STYLE = Automatic;
				DEVELOPMENT_TEAM = T7D2CW4K8R;
				INFOPLIST_FILE = ListsOnListsUITests/Info.plist;
				LD_RUNPATH_SEARCH_PATHS = (
					"$(inherited)",
					"@executable_path/Frameworks",
					"@loader_path/Frameworks",
				);
				PRODUCT_BUNDLE_IDENTIFIER = com.eMscully.ListsOnListsUITests;
				PRODUCT_NAME = "$(TARGET_NAME)";
				SWIFT_VERSION = 5.0;
				TARGETED_DEVICE_FAMILY = "1,2";
				TEST_TARGET_NAME = ListsOnLists;
			};
			name = Release;
		};
/* End XCBuildConfiguration section */

/* Begin XCConfigurationList section */
		5F5BFD42254BDD86003590FF /* Build configuration list for PBXProject "ListsOnLists" */ = {
			isa = XCConfigurationList;
			buildConfigurations = (
				5F5BFD6F254BDD8B003590FF /* Debug */,
				5F5BFD70254BDD8B003590FF /* Release */,
			);
			defaultConfigurationIsVisible = 0;
			defaultConfigurationName = Release;
		};
		5F5BFD71254BDD8B003590FF /* Build configuration list for PBXNativeTarget "ListsOnLists" */ = {
			isa = XCConfigurationList;
			buildConfigurations = (
				5F5BFD72254BDD8B003590FF /* Debug */,
				5F5BFD73254BDD8B003590FF /* Release */,
			);
			defaultConfigurationIsVisible = 0;
			defaultConfigurationName = Release;
		};
		5F5BFD74254BDD8B003590FF /* Build configuration list for PBXNativeTarget "ListsOnListsTests" */ = {
			isa = XCConfigurationList;
			buildConfigurations = (
				5F5BFD75254BDD8B003590FF /* Debug */,
				5F5BFD76254BDD8B003590FF /* Release */,
			);
			defaultConfigurationIsVisible = 0;
			defaultConfigurationName = Release;
		};
		5F5BFD77254BDD8B003590FF /* Build configuration list for PBXNativeTarget "ListsOnListsUITests" */ = {
			isa = XCConfigurationList;
			buildConfigurations = (
				5F5BFD78254BDD8B003590FF /* Debug */,
				5F5BFD79254BDD8B003590FF /* Release */,
			);
			defaultConfigurationIsVisible = 0;
			defaultConfigurationName = Release;
		};
/* End XCConfigurationList section */
	};
	rootObject = 5F5BFD3F254BDD86003590FF /* Project object */;
}
